PODS:
  - MBProgressHUD (0.9.1)
  - RYTSketchView (0.1.0):
    - MBProgressHUD (~> 0.5)
    - WYPopoverController
  - WYPopoverController (0.3.8)

DEPENDENCIES:
  - RYTSketchView (from `../`)

EXTERNAL SOURCES:
  RYTSketchView:
    :path: "../"

SPEC CHECKSUMS:
  MBProgressHUD: c47f2c166c126cf2ce36498d80f33e754d4e93ad
  RYTSketchView: e356d959cf23f577fcbc8171b3e826bbd363002a
  WYPopoverController: dda54780e1bef186464ae5a10ab9b4998c279e89

COCOAPODS: 0.38.2
