PODS:
  - MBProgressHUD (0.9.1)
  - RYTSketchView (0.1.0):
    - MBProgressHUD (~> 0.5)

DEPENDENCIES:
  - RYTSketchView (from `../`)

EXTERNAL SOURCES:
  RYTSketchView:
    :path: "../"

SPEC CHECKSUMS:
  MBProgressHUD: c47f2c166c126cf2ce36498d80f33e754d4e93ad
  RYTSketchView: 3b72df4a16c7d7a307e434347402fd830c52c12e

COCOAPODS: 0.38.2
